
Microsoft Visual Studio Solution File, Format Version 12.00
# Visual Studio Version 17
VisualStudioVersion = 17.5.002.0
MinimumVisualStudioVersion = 10.0.40219.1
Project("{9A19103F-16F7-4668-BE54-9A1E7A4F7556}") = "BlazorApp", "BlazorApp.csproj", "{832B5740-9C36-40D0-8774-B5CD83E62CE7}"
EndProject
Global
	GlobalSection(SolutionConfigurationPlatforms) = preSolution
		Debug|Any CPU = Debug|Any CPU
		Release|Any CPU = Release|Any CPU
	EndGlobalSection
	GlobalSection(ProjectConfigurationPlatforms) = postSolution
		{832B5740-9C36-40D0-8774-B5CD83E62CE7}.Debug|Any CPU.ActiveCfg = Debug|Any CPU
		{832B5740-9C36-40D0-8774-B5CD83E62CE7}.Debug|Any CPU.Build.0 = Debug|Any CPU
		{832B5740-9C36-40D0-8774-B5CD83E62CE7}.Release|Any CPU.ActiveCfg = Release|Any CPU
		{832B5740-9C36-40D0-8774-B5CD83E62CE7}.Release|Any CPU.Build.0 = Release|Any CPU
	EndGlobalSection
	GlobalSection(SolutionProperties) = preSolution
		HideSolutionNode = FALSE
	EndGlobalSection
	GlobalSection(ExtensibilityGlobals) = postSolution
		SolutionGuid = {4D48EB9C-2AF0-4523-9041-B75243AFB7C8}
	EndGlobalSection
EndGlobal
