
Microsoft Visual Studio Solution File, Format Version 12.00
# Visual Studio Version 17
VisualStudioVersion = 17.5.002.0
MinimumVisualStudioVersion = 10.0.40219.1
Project("{9A19103F-16F7-4668-BE54-9A1E7A4F7556}") = "BlazorApp", "BlazorApp\BlazorApp.csproj", "{A5C20423-668D-421D-B66E-72B8A7B0F139}"
EndProject
Project("{9A19103F-16F7-4668-BE54-9A1E7A4F7556}") = "Domain", "Domain\Domain.csproj", "{7BF91E3C-FB42-4322-BB0D-B2524FB49075}"
EndProject
Project("{9A19103F-16F7-4668-BE54-9A1E7A4F7556}") = "Shared", "Shared\Shared.csproj", "{E0B8C078-394F-408E-89C9-8D1C29C4379C}"
EndProject
Project("{9A19103F-16F7-4668-BE54-9A1E7A4F7556}") = "Domain.Tests", "Tests\Domain.Tests\Domain.Tests.csproj", "{577C0F3D-BF6B-4A4C-A826-9993A1CF46E0}"
EndProject
Project("{9A19103F-16F7-4668-BE54-9A1E7A4F7556}") = "Persistence", "Persistence\Persistence.csproj", "{7BBCABE8-96B9-4981-BCBA-AADD72CABE7C}"
EndProject
Project("{9A19103F-16F7-4668-BE54-9A1E7A4F7556}") = "Services", "Services\Services.csproj", "{2660F9B6-FC2E-44BF-A219-4D417C250B0F}"
EndProject
Global
	GlobalSection(SolutionConfigurationPlatforms) = preSolution
		Debug|Any CPU = Debug|Any CPU
		Release|Any CPU = Release|Any CPU
	EndGlobalSection
	GlobalSection(ProjectConfigurationPlatforms) = postSolution
		{A5C20423-668D-421D-B66E-72B8A7B0F139}.Debug|Any CPU.ActiveCfg = Debug|Any CPU
		{A5C20423-668D-421D-B66E-72B8A7B0F139}.Debug|Any CPU.Build.0 = Debug|Any CPU
		{A5C20423-668D-421D-B66E-72B8A7B0F139}.Release|Any CPU.ActiveCfg = Release|Any CPU
		{A5C20423-668D-421D-B66E-72B8A7B0F139}.Release|Any CPU.Build.0 = Release|Any CPU
		{7BF91E3C-FB42-4322-BB0D-B2524FB49075}.Debug|Any CPU.ActiveCfg = Debug|Any CPU
		{7BF91E3C-FB42-4322-BB0D-B2524FB49075}.Debug|Any CPU.Build.0 = Debug|Any CPU
		{7BF91E3C-FB42-4322-BB0D-B2524FB49075}.Release|Any CPU.ActiveCfg = Release|Any CPU
		{7BF91E3C-FB42-4322-BB0D-B2524FB49075}.Release|Any CPU.Build.0 = Release|Any CPU
		{E0B8C078-394F-408E-89C9-8D1C29C4379C}.Debug|Any CPU.ActiveCfg = Debug|Any CPU
		{E0B8C078-394F-408E-89C9-8D1C29C4379C}.Debug|Any CPU.Build.0 = Debug|Any CPU
		{E0B8C078-394F-408E-89C9-8D1C29C4379C}.Release|Any CPU.ActiveCfg = Release|Any CPU
		{E0B8C078-394F-408E-89C9-8D1C29C4379C}.Release|Any CPU.Build.0 = Release|Any CPU
		{577C0F3D-BF6B-4A4C-A826-9993A1CF46E0}.Debug|Any CPU.ActiveCfg = Debug|Any CPU
		{577C0F3D-BF6B-4A4C-A826-9993A1CF46E0}.Debug|Any CPU.Build.0 = Debug|Any CPU
		{577C0F3D-BF6B-4A4C-A826-9993A1CF46E0}.Release|Any CPU.ActiveCfg = Release|Any CPU
		{577C0F3D-BF6B-4A4C-A826-9993A1CF46E0}.Release|Any CPU.Build.0 = Release|Any CPU
		{7BBCABE8-96B9-4981-BCBA-AADD72CABE7C}.Debug|Any CPU.ActiveCfg = Debug|Any CPU
		{7BBCABE8-96B9-4981-BCBA-AADD72CABE7C}.Debug|Any CPU.Build.0 = Debug|Any CPU
		{7BBCABE8-96B9-4981-BCBA-AADD72CABE7C}.Release|Any CPU.ActiveCfg = Release|Any CPU
		{7BBCABE8-96B9-4981-BCBA-AADD72CABE7C}.Release|Any CPU.Build.0 = Release|Any CPU
		{2660F9B6-FC2E-44BF-A219-4D417C250B0F}.Debug|Any CPU.ActiveCfg = Debug|Any CPU
		{2660F9B6-FC2E-44BF-A219-4D417C250B0F}.Debug|Any CPU.Build.0 = Debug|Any CPU
		{2660F9B6-FC2E-44BF-A219-4D417C250B0F}.Release|Any CPU.ActiveCfg = Release|Any CPU
		{2660F9B6-FC2E-44BF-A219-4D417C250B0F}.Release|Any CPU.Build.0 = Release|Any CPU
	EndGlobalSection
	GlobalSection(SolutionProperties) = preSolution
		HideSolutionNode = FALSE
	EndGlobalSection
	GlobalSection(ExtensibilityGlobals) = postSolution
		SolutionGuid = {C1506459-8621-46A5-93DA-5D436A5E9D1C}
	EndGlobalSection
EndGlobal
